
Microsoft Visual Studio Solution File, Format Version 12.00
# Visual Studio Version 16
VisualStudioVersion = 16.0.32802.440
MinimumVisualStudioVersion = 10.0.40219.1
Project("{FAE04EC0-301F-11D3-BF4B-00C04F79EFBC}") = "ManajemenAsetKaryawan", "ManajemenAsetKaryawan\ManajemenAsetKaryawan.csproj", "{9241CAB5-A1F6-45E0-A057-6313F650610F}"
EndProject
Global
	GlobalSection(SolutionConfigurationPlatforms) = preSolution
		Debug|Any CPU = Debug|Any CPU
		Release|Any CPU = Release|Any CPU
	EndGlobalSection
	GlobalSection(ProjectConfigurationPlatforms) = postSolution
		{9241CAB5-A1F6-45E0-A057-6313F650610F}.Debug|Any CPU.ActiveCfg = Debug|Any CPU
		{9241CAB5-A1F6-45E0-A057-6313F650610F}.Debug|Any CPU.Build.0 = Debug|Any CPU
		{9241CAB5-A1F6-45E0-A057-6313F650610F}.Release|Any CPU.ActiveCfg = Release|Any CPU
		{9241CAB5-A1F6-45E0-A057-6313F650610F}.Release|Any CPU.Build.0 = Release|Any CPU
	EndGlobalSection
	GlobalSection(SolutionProperties) = preSolution
		HideSolutionNode = FALSE
	EndGlobalSection
	GlobalSection(ExtensibilityGlobals) = postSolution
		SolutionGuid = {52429C7F-0D11-4F52-A6AA-009F57EF31E4}
	EndGlobalSection
EndGlobal
